// !$*UTF8*$!
{
	archiveVersion = 1;
	classes = {
	};
	objectVersion = 51;
	objects = {

/* Begin PBXBuildFile section */
		576DE23DE3B41CD7B63B8D3F /* Pods_ZapComUITests.framework in Frameworks */ = {isa = PBXBuildFile; fileRef = 91DA6DDCEDF1FC73D05B19B4 /* Pods_ZapComUITests.framework */; };
		7706D0C4232AAF7F00A40B53 /* Content.swift in Sources */ = {isa = PBXBuildFile; fileRef = 7706D0C1232AAF7C00A40B53 /* Content.swift */; };
		7706D0C5232AAF7F00A40B53 /* Content.swift in Sources */ = {isa = PBXBuildFile; fileRef = 7706D0C1232AAF7C00A40B53 /* Content.swift */; };
		7706D0C6232AAF7F00A40B53 /* Content.swift in Sources */ = {isa = PBXBuildFile; fileRef = 7706D0C1232AAF7C00A40B53 /* Content.swift */; };
		7706D0C7232AAF7F00A40B53 /* DataModel.swift in Sources */ = {isa = PBXBuildFile; fileRef = 7706D0C2232AAF7E00A40B53 /* DataModel.swift */; };
		7706D0C8232AAF7F00A40B53 /* DataModel.swift in Sources */ = {isa = PBXBuildFile; fileRef = 7706D0C2232AAF7E00A40B53 /* DataModel.swift */; };
		7706D0C9232AAF7F00A40B53 /* DataModel.swift in Sources */ = {isa = PBXBuildFile; fileRef = 7706D0C2232AAF7E00A40B53 /* DataModel.swift */; };
		7706D0CA232AAF7F00A40B53 /* Products.swift in Sources */ = {isa = PBXBuildFile; fileRef = 7706D0C3232AAF7F00A40B53 /* Products.swift */; };
		7706D0CB232AAF7F00A40B53 /* Products.swift in Sources */ = {isa = PBXBuildFile; fileRef = 7706D0C3232AAF7F00A40B53 /* Products.swift */; };
		7706D0CC232AAF7F00A40B53 /* Products.swift in Sources */ = {isa = PBXBuildFile; fileRef = 7706D0C3232AAF7F00A40B53 /* Products.swift */; };
		77B82B752322D54200EC906D /* AppDelegate.swift in Sources */ = {isa = PBXBuildFile; fileRef = 77B82B742322D54200EC906D /* AppDelegate.swift */; };
		77B82B772322D54200EC906D /* ViewController.swift in Sources */ = {isa = PBXBuildFile; fileRef = 77B82B762322D54200EC906D /* ViewController.swift */; };
		77B82B7A2322D54200EC906D /* Main.storyboard in Resources */ = {isa = PBXBuildFile; fileRef = 77B82B782322D54200EC906D /* Main.storyboard */; };
		77B82B7D2322D54200EC906D /* ZapCom.xcdatamodeld in Sources */ = {isa = PBXBuildFile; fileRef = 77B82B7B2322D54200EC906D /* ZapCom.xcdatamodeld */; };
		77B82B7F2322D54300EC906D /* Assets.xcassets in Resources */ = {isa = PBXBuildFile; fileRef = 77B82B7E2322D54300EC906D /* Assets.xcassets */; };
		77B82B822322D54300EC906D /* LaunchScreen.storyboard in Resources */ = {isa = PBXBuildFile; fileRef = 77B82B802322D54300EC906D /* LaunchScreen.storyboard */; };
		77B82B8D2322D54400EC906D /* ZapComTests.swift in Sources */ = {isa = PBXBuildFile; fileRef = 77B82B8C2322D54400EC906D /* ZapComTests.swift */; };
		77B82B982322D54400EC906D /* ZapComUITests.swift in Sources */ = {isa = PBXBuildFile; fileRef = 77B82B972322D54400EC906D /* ZapComUITests.swift */; };
		A696182F504331DF1356CAC5 /* Pods_ZapCom.framework in Frameworks */ = {isa = PBXBuildFile; fileRef = B6671DBA545864363CCBD453 /* Pods_ZapCom.framework */; };
		D1FD471180D2C098EB57008F /* Pods_ZapComTests.framework in Frameworks */ = {isa = PBXBuildFile; fileRef = E7B2C7D054F6C47D513CE2F0 /* Pods_ZapComTests.framework */; };
/* End PBXBuildFile section */

/* Begin PBXContainerItemProxy section */
		77B82B892322D54400EC906D /* PBXContainerItemProxy */ = {
			isa = PBXContainerItemProxy;
			containerPortal = 77B82B692322D54200EC906D /* Project object */;
			proxyType = 1;
			remoteGlobalIDString = 77B82B702322D54200EC906D;
			remoteInfo = ZapCom;
		};
		77B82B942322D54400EC906D /* PBXContainerItemProxy */ = {
			isa = PBXContainerItemProxy;
			containerPortal = 77B82B692322D54200EC906D /* Project object */;
			proxyType = 1;
			remoteGlobalIDString = 77B82B702322D54200EC906D;
			remoteInfo = ZapCom;
		};
/* End PBXContainerItemProxy section */

/* Begin PBXFileReference section */
		27F1A0411506FD48AD816A3A /* Pods-ZapCom.debug.xcconfig */ = {isa = PBXFileReference; includeInIndex = 1; lastKnownFileType = text.xcconfig; name = "Pods-ZapCom.debug.xcconfig"; path = "Target Support Files/Pods-ZapCom/Pods-ZapCom.debug.xcconfig"; sourceTree = "<group>"; };
		5C1653C484EDA9747FA86F41 /* Pods-ZapComUITests.debug.xcconfig */ = {isa = PBXFileReference; includeInIndex = 1; lastKnownFileType = text.xcconfig; name = "Pods-ZapComUITests.debug.xcconfig"; path = "Target Support Files/Pods-ZapComUITests/Pods-ZapComUITests.debug.xcconfig"; sourceTree = "<group>"; };
		7706D0C1232AAF7C00A40B53 /* Content.swift */ = {isa = PBXFileReference; fileEncoding = 4; lastKnownFileType = sourcecode.swift; path = Content.swift; sourceTree = "<group>"; };
		7706D0C2232AAF7E00A40B53 /* DataModel.swift */ = {isa = PBXFileReference; fileEncoding = 4; lastKnownFileType = sourcecode.swift; path = DataModel.swift; sourceTree = "<group>"; };
		7706D0C3232AAF7F00A40B53 /* Products.swift */ = {isa = PBXFileReference; fileEncoding = 4; lastKnownFileType = sourcecode.swift; path = Products.swift; sourceTree = "<group>"; };
		77B82B712322D54200EC906D /* ZapCom.app */ = {isa = PBXFileReference; explicitFileType = wrapper.application; includeInIndex = 0; path = ZapCom.app; sourceTree = BUILT_PRODUCTS_DIR; };
		77B82B742322D54200EC906D /* AppDelegate.swift */ = {isa = PBXFileReference; lastKnownFileType = sourcecode.swift; path = AppDelegate.swift; sourceTree = "<group>"; };
		77B82B762322D54200EC906D /* ViewController.swift */ = {isa = PBXFileReference; lastKnownFileType = sourcecode.swift; path = ViewController.swift; sourceTree = "<group>"; };
		77B82B792322D54200EC906D /* Base */ = {isa = PBXFileReference; lastKnownFileType = file.storyboard; name = Base; path = Base.lproj/Main.storyboard; sourceTree = "<group>"; };
		77B82B7C2322D54200EC906D /* ZapCom.xcdatamodel */ = {isa = PBXFileReference; lastKnownFileType = wrapper.xcdatamodel; path = ZapCom.xcdatamodel; sourceTree = "<group>"; };
		77B82B7E2322D54300EC906D /* Assets.xcassets */ = {isa = PBXFileReference; lastKnownFileType = folder.assetcatalog; path = Assets.xcassets; sourceTree = "<group>"; };
		77B82B812322D54300EC906D /* Base */ = {isa = PBXFileReference; lastKnownFileType = file.storyboard; name = Base; path = Base.lproj/LaunchScreen.storyboard; sourceTree = "<group>"; };
		77B82B832322D54300EC906D /* Info.plist */ = {isa = PBXFileReference; lastKnownFileType = text.plist.xml; path = Info.plist; sourceTree = "<group>"; };
		77B82B882322D54400EC906D /* ZapComTests.xctest */ = {isa = PBXFileReference; explicitFileType = wrapper.cfbundle; includeInIndex = 0; path = ZapComTests.xctest; sourceTree = BUILT_PRODUCTS_DIR; };
		77B82B8C2322D54400EC906D /* ZapComTests.swift */ = {isa = PBXFileReference; lastKnownFileType = sourcecode.swift; path = ZapComTests.swift; sourceTree = "<group>"; };
		77B82B8E2322D54400EC906D /* Info.plist */ = {isa = PBXFileReference; lastKnownFileType = text.plist.xml; path = Info.plist; sourceTree = "<group>"; };
		77B82B932322D54400EC906D /* ZapComUITests.xctest */ = {isa = PBXFileReference; explicitFileType = wrapper.cfbundle; includeInIndex = 0; path = ZapComUITests.xctest; sourceTree = BUILT_PRODUCTS_DIR; };
		77B82B972322D54400EC906D /* ZapComUITests.swift */ = {isa = PBXFileReference; lastKnownFileType = sourcecode.swift; path = ZapComUITests.swift; sourceTree = "<group>"; };
		77B82B992322D54400EC906D /* Info.plist */ = {isa = PBXFileReference; lastKnownFileType = text.plist.xml; path = Info.plist; sourceTree = "<group>"; };
		91DA6DDCEDF1FC73D05B19B4 /* Pods_ZapComUITests.framework */ = {isa = PBXFileReference; explicitFileType = wrapper.framework; includeInIndex = 0; path = Pods_ZapComUITests.framework; sourceTree = BUILT_PRODUCTS_DIR; };
		92BEAE6C54D50BD7F72E2DCF /* Pods-ZapComTests.debug.xcconfig */ = {isa = PBXFileReference; includeInIndex = 1; lastKnownFileType = text.xcconfig; name = "Pods-ZapComTests.debug.xcconfig"; path = "Target Support Files/Pods-ZapComTests/Pods-ZapComTests.debug.xcconfig"; sourceTree = "<group>"; };
		A4576AA67E295AB0313FF4EC /* Pods-ZapComUITests.release.xcconfig */ = {isa = PBXFileReference; includeInIndex = 1; lastKnownFileType = text.xcconfig; name = "Pods-ZapComUITests.release.xcconfig"; path = "Target Support Files/Pods-ZapComUITests/Pods-ZapComUITests.release.xcconfig"; sourceTree = "<group>"; };
		B6671DBA545864363CCBD453 /* Pods_ZapCom.framework */ = {isa = PBXFileReference; explicitFileType = wrapper.framework; includeInIndex = 0; path = Pods_ZapCom.framework; sourceTree = BUILT_PRODUCTS_DIR; };
		C150509BEB5A937850D07BF4 /* Pods-ZapCom.release.xcconfig */ = {isa = PBXFileReference; includeInIndex = 1; lastKnownFileType = text.xcconfig; name = "Pods-ZapCom.release.xcconfig"; path = "Target Support Files/Pods-ZapCom/Pods-ZapCom.release.xcconfig"; sourceTree = "<group>"; };
		E7B2C7D054F6C47D513CE2F0 /* Pods_ZapComTests.framework */ = {isa = PBXFileReference; explicitFileType = wrapper.framework; includeInIndex = 0; path = Pods_ZapComTests.framework; sourceTree = BUILT_PRODUCTS_DIR; };
		F6AC49AF258B6E99B76B0346 /* Pods-ZapComTests.release.xcconfig */ = {isa = PBXFileReference; includeInIndex = 1; lastKnownFileType = text.xcconfig; name = "Pods-ZapComTests.release.xcconfig"; path = "Target Support Files/Pods-ZapComTests/Pods-ZapComTests.release.xcconfig"; sourceTree = "<group>"; };
/* End PBXFileReference section */

/* Begin PBXFrameworksBuildPhase section */
		77B82B6E2322D54200EC906D /* Frameworks */ = {
			isa = PBXFrameworksBuildPhase;
			buildActionMask = 2147483647;
			files = (
				A696182F504331DF1356CAC5 /* Pods_ZapCom.framework in Frameworks */,
			);
			runOnlyForDeploymentPostprocessing = 0;
		};
		77B82B852322D54400EC906D /* Frameworks */ = {
			isa = PBXFrameworksBuildPhase;
			buildActionMask = 2147483647;
			files = (
				D1FD471180D2C098EB57008F /* Pods_ZapComTests.framework in Frameworks */,
			);
			runOnlyForDeploymentPostprocessing = 0;
		};
		77B82B902322D54400EC906D /* Frameworks */ = {
			isa = PBXFrameworksBuildPhase;
			buildActionMask = 2147483647;
			files = (
				576DE23DE3B41CD7B63B8D3F /* Pods_ZapComUITests.framework in Frameworks */,
			);
			runOnlyForDeploymentPostprocessing = 0;
		};
/* End PBXFrameworksBuildPhase section */

/* Begin PBXGroup section */
		49909B651FF3F9E3069D20BF /* Frameworks */ = {
			isa = PBXGroup;
			children = (
				B6671DBA545864363CCBD453 /* Pods_ZapCom.framework */,
				E7B2C7D054F6C47D513CE2F0 /* Pods_ZapComTests.framework */,
				91DA6DDCEDF1FC73D05B19B4 /* Pods_ZapComUITests.framework */,
			);
			name = Frameworks;
			sourceTree = "<group>";
		};
		77B82B682322D54200EC906D = {
			isa = PBXGroup;
			children = (
				77B82B732322D54200EC906D /* ZapCom */,
				77B82B8B2322D54400EC906D /* ZapComTests */,
				77B82B962322D54400EC906D /* ZapComUITests */,
				77B82B722322D54200EC906D /* Products */,
				DED8221C77455D628EC2C095 /* Pods */,
				49909B651FF3F9E3069D20BF /* Frameworks */,
			);
			sourceTree = "<group>";
		};
		77B82B722322D54200EC906D /* Products */ = {
			isa = PBXGroup;
			children = (
				77B82B712322D54200EC906D /* ZapCom.app */,
				77B82B882322D54400EC906D /* ZapComTests.xctest */,
				77B82B932322D54400EC906D /* ZapComUITests.xctest */,
			);
			name = Products;
			sourceTree = "<group>";
		};
		77B82B732322D54200EC906D /* ZapCom */ = {
			isa = PBXGroup;
			children = (
				77B82B742322D54200EC906D /* AppDelegate.swift */,
				77B82BA62322D55E00EC906D /* Model */,
				77B82BA82322D56B00EC906D /* View */,
				77B82BA72322D56300EC906D /* ViewModel */,
				77B82BA52322D55200EC906D /* Controller */,
				77B82BAA2322D58400EC906D /* Extensions */,
				77B82BA92322D57B00EC906D /* Resources */,
				77B82B7E2322D54300EC906D /* Assets.xcassets */,
				77B82B832322D54300EC906D /* Info.plist */,
				77B82B7B2322D54200EC906D /* ZapCom.xcdatamodeld */,
			);
			path = ZapCom;
			sourceTree = "<group>";
		};
		77B82B8B2322D54400EC906D /* ZapComTests */ = {
			isa = PBXGroup;
			children = (
				77B82B8C2322D54400EC906D /* ZapComTests.swift */,
				77B82B8E2322D54400EC906D /* Info.plist */,
			);
			path = ZapComTests;
			sourceTree = "<group>";
		};
		77B82B962322D54400EC906D /* ZapComUITests */ = {
			isa = PBXGroup;
			children = (
				77B82B972322D54400EC906D /* ZapComUITests.swift */,
				77B82B992322D54400EC906D /* Info.plist */,
			);
			path = ZapComUITests;
			sourceTree = "<group>";
		};
		77B82BA52322D55200EC906D /* Controller */ = {
			isa = PBXGroup;
			children = (
				77B82B762322D54200EC906D /* ViewController.swift */,
			);
			path = Controller;
			sourceTree = "<group>";
		};
		77B82BA62322D55E00EC906D /* Model */ = {
			isa = PBXGroup;
			children = (
				7706D0C1232AAF7C00A40B53 /* Content.swift */,
				7706D0C2232AAF7E00A40B53 /* DataModel.swift */,
				7706D0C3232AAF7F00A40B53 /* Products.swift */,
			);
			path = Model;
			sourceTree = "<group>";
		};
		77B82BA72322D56300EC906D /* ViewModel */ = {
			isa = PBXGroup;
			children = (
			);
			path = ViewModel;
			sourceTree = "<group>";
		};
		77B82BA82322D56B00EC906D /* View */ = {
			isa = PBXGroup;
			children = (
				77B82B782322D54200EC906D /* Main.storyboard */,
				77B82B802322D54300EC906D /* LaunchScreen.storyboard */,
			);
			path = View;
			sourceTree = "<group>";
		};
		77B82BA92322D57B00EC906D /* Resources */ = {
			isa = PBXGroup;
			children = (
			);
			path = Resources;
			sourceTree = "<group>";
		};
		77B82BAA2322D58400EC906D /* Extensions */ = {
			isa = PBXGroup;
			children = (
			);
			path = Extensions;
			sourceTree = "<group>";
		};
		DED8221C77455D628EC2C095 /* Pods */ = {
			isa = PBXGroup;
			children = (
				27F1A0411506FD48AD816A3A /* Pods-ZapCom.debug.xcconfig */,
				C150509BEB5A937850D07BF4 /* Pods-ZapCom.release.xcconfig */,
				92BEAE6C54D50BD7F72E2DCF /* Pods-ZapComTests.debug.xcconfig */,
				F6AC49AF258B6E99B76B0346 /* Pods-ZapComTests.release.xcconfig */,
				5C1653C484EDA9747FA86F41 /* Pods-ZapComUITests.debug.xcconfig */,
				A4576AA67E295AB0313FF4EC /* Pods-ZapComUITests.release.xcconfig */,
			);
			path = Pods;
			sourceTree = "<group>";
		};
/* End PBXGroup section */

/* Begin PBXNativeTarget section */
		77B82B702322D54200EC906D /* ZapCom */ = {
			isa = PBXNativeTarget;
			buildConfigurationList = 77B82B9C2322D54400EC906D /* Build configuration list for PBXNativeTarget "ZapCom" */;
			buildPhases = (
				3910EAE1FB21B903F50C09A0 /* [CP] Check Pods Manifest.lock */,
				77B82B6D2322D54200EC906D /* Sources */,
				77B82B6E2322D54200EC906D /* Frameworks */,
				77B82B6F2322D54200EC906D /* Resources */,
				485DC5987946E88024F7D680 /* [CP] Embed Pods Frameworks */,
			);
			buildRules = (
			);
			dependencies = (
			);
			name = ZapCom;
			productName = ZapCom;
			productReference = 77B82B712322D54200EC906D /* ZapCom.app */;
			productType = "com.apple.product-type.application";
		};
		77B82B872322D54400EC906D /* ZapComTests */ = {
			isa = PBXNativeTarget;
			buildConfigurationList = 77B82B9F2322D54400EC906D /* Build configuration list for PBXNativeTarget "ZapComTests" */;
			buildPhases = (
				66CFD193D801C72A471DD68D /* [CP] Check Pods Manifest.lock */,
				77B82B842322D54400EC906D /* Sources */,
				77B82B852322D54400EC906D /* Frameworks */,
				77B82B862322D54400EC906D /* Resources */,
			);
			buildRules = (
			);
			dependencies = (
				77B82B8A2322D54400EC906D /* PBXTargetDependency */,
			);
			name = ZapComTests;
			productName = ZapComTests;
			productReference = 77B82B882322D54400EC906D /* ZapComTests.xctest */;
			productType = "com.apple.product-type.bundle.unit-test";
		};
		77B82B922322D54400EC906D /* ZapComUITests */ = {
			isa = PBXNativeTarget;
			buildConfigurationList = 77B82BA22322D54400EC906D /* Build configuration list for PBXNativeTarget "ZapComUITests" */;
			buildPhases = (
				43C7FC1D438EDCADCD5000D7 /* [CP] Check Pods Manifest.lock */,
				77B82B8F2322D54400EC906D /* Sources */,
				77B82B902322D54400EC906D /* Frameworks */,
				77B82B912322D54400EC906D /* Resources */,
			);
			buildRules = (
			);
			dependencies = (
				77B82B952322D54400EC906D /* PBXTargetDependency */,
			);
			name = ZapComUITests;
			productName = ZapComUITests;
			productReference = 77B82B932322D54400EC906D /* ZapComUITests.xctest */;
			productType = "com.apple.product-type.bundle.ui-testing";
		};
/* End PBXNativeTarget section */

/* Begin PBXProject section */
		77B82B692322D54200EC906D /* Project object */ = {
			isa = PBXProject;
			attributes = {
				LastSwiftUpdateCheck = 1030;
				LastUpgradeCheck = 1030;
				ORGANIZATIONNAME = "Abhishek Gupta";
				TargetAttributes = {
					77B82B702322D54200EC906D = {
						CreatedOnToolsVersion = 10.3;
					};
					77B82B872322D54400EC906D = {
						CreatedOnToolsVersion = 10.3;
						TestTargetID = 77B82B702322D54200EC906D;
					};
					77B82B922322D54400EC906D = {
						CreatedOnToolsVersion = 10.3;
						TestTargetID = 77B82B702322D54200EC906D;
					};
				};
			};
			buildConfigurationList = 77B82B6C2322D54200EC906D /* Build configuration list for PBXProject "ZapCom" */;
			compatibilityVersion = "Xcode 9.3";
			developmentRegion = en;
			hasScannedForEncodings = 0;
			knownRegions = (
				en,
				Base,
			);
			mainGroup = 77B82B682322D54200EC906D;
			productRefGroup = 77B82B722322D54200EC906D /* Products */;
			projectDirPath = "";
			projectRoot = "";
			targets = (
				77B82B702322D54200EC906D /* ZapCom */,
				77B82B872322D54400EC906D /* ZapComTests */,
				77B82B922322D54400EC906D /* ZapComUITests */,
			);
		};
/* End PBXProject section */

/* Begin PBXResourcesBuildPhase section */
		77B82B6F2322D54200EC906D /* Resources */ = {
			isa = PBXResourcesBuildPhase;
			buildActionMask = 2147483647;
			files = (
				77B82B822322D54300EC906D /* LaunchScreen.storyboard in Resources */,
				77B82B7F2322D54300EC906D /* Assets.xcassets in Resources */,
				77B82B7A2322D54200EC906D /* Main.storyboard in Resources */,
			);
			runOnlyForDeploymentPostprocessing = 0;
		};
		77B82B862322D54400EC906D /* Resources */ = {
			isa = PBXResourcesBuildPhase;
			buildActionMask = 2147483647;
			files = (
			);
			runOnlyForDeploymentPostprocessing = 0;
		};
		77B82B912322D54400EC906D /* Resources */ = {
			isa = PBXResourcesBuildPhase;
			buildActionMask = 2147483647;
			files = (
			);
			runOnlyForDeploymentPostprocessing = 0;
		};
/* End PBXResourcesBuildPhase section */

/* Begin PBXShellScriptBuildPhase section */
		3910EAE1FB21B903F50C09A0 /* [CP] Check Pods Manifest.lock */ = {
			isa = PBXShellScriptBuildPhase;
			buildActionMask = 2147483647;
			files = (
			);
			inputFileListPaths = (
			);
			inputPaths = (
				"${PODS_PODFILE_DIR_PATH}/Podfile.lock",
				"${PODS_ROOT}/Manifest.lock",
			);
			name = "[CP] Check Pods Manifest.lock";
			outputFileListPaths = (
			);
			outputPaths = (
				"$(DERIVED_FILE_DIR)/Pods-ZapCom-checkManifestLockResult.txt",
			);
			runOnlyForDeploymentPostprocessing = 0;
			shellPath = /bin/sh;
			shellScript = "diff \"${PODS_PODFILE_DIR_PATH}/Podfile.lock\" \"${PODS_ROOT}/Manifest.lock\" > /dev/null\nif [ $? != 0 ] ; then\n    # print error to STDERR\n    echo \"error: The sandbox is not in sync with the Podfile.lock. Run 'pod install' or update your CocoaPods installation.\" >&2\n    exit 1\nfi\n# This output is used by Xcode 'outputs' to avoid re-running this script phase.\necho \"SUCCESS\" > \"${SCRIPT_OUTPUT_FILE_0}\"\n";
			showEnvVarsInLog = 0;
		};
		43C7FC1D438EDCADCD5000D7 /* [CP] Check Pods Manifest.lock */ = {
			isa = PBXShellScriptBuildPhase;
			buildActionMask = 2147483647;
			files = (
			);
			inputFileListPaths = (
			);
			inputPaths = (
				"${PODS_PODFILE_DIR_PATH}/Podfile.lock",
				"${PODS_ROOT}/Manifest.lock",
			);
			name = "[CP] Check Pods Manifest.lock";
			outputFileListPaths = (
			);
			outputPaths = (
				"$(DERIVED_FILE_DIR)/Pods-ZapComUITests-checkManifestLockResult.txt",
			);
			runOnlyForDeploymentPostprocessing = 0;
			shellPath = /bin/sh;
			shellScript = "diff \"${PODS_PODFILE_DIR_PATH}/Podfile.lock\" \"${PODS_ROOT}/Manifest.lock\" > /dev/null\nif [ $? != 0 ] ; then\n    # print error to STDERR\n    echo \"error: The sandbox is not in sync with the Podfile.lock. Run 'pod install' or update your CocoaPods installation.\" >&2\n    exit 1\nfi\n# This output is used by Xcode 'outputs' to avoid re-running this script phase.\necho \"SUCCESS\" > \"${SCRIPT_OUTPUT_FILE_0}\"\n";
			showEnvVarsInLog = 0;
		};
		485DC5987946E88024F7D680 /* [CP] Embed Pods Frameworks */ = {
			isa = PBXShellScriptBuildPhase;
			buildActionMask = 2147483647;
			files = (
			);
			inputFileListPaths = (
				"${PODS_ROOT}/Target Support Files/Pods-ZapCom/Pods-ZapCom-frameworks-${CONFIGURATION}-input-files.xcfilelist",
			);
			name = "[CP] Embed Pods Frameworks";
			outputFileListPaths = (
				"${PODS_ROOT}/Target Support Files/Pods-ZapCom/Pods-ZapCom-frameworks-${CONFIGURATION}-output-files.xcfilelist",
			);
			runOnlyForDeploymentPostprocessing = 0;
			shellPath = /bin/sh;
			shellScript = "\"${PODS_ROOT}/Target Support Files/Pods-ZapCom/Pods-ZapCom-frameworks.sh\"\n";
			showEnvVarsInLog = 0;
		};
		66CFD193D801C72A471DD68D /* [CP] Check Pods Manifest.lock */ = {
			isa = PBXShellScriptBuildPhase;
			buildActionMask = 2147483647;
			files = (
			);
			inputFileListPaths = (
			);
			inputPaths = (
				"${PODS_PODFILE_DIR_PATH}/Podfile.lock",
				"${PODS_ROOT}/Manifest.lock",
			);
			name = "[CP] Check Pods Manifest.lock";
			outputFileListPaths = (
			);
			outputPaths = (
				"$(DERIVED_FILE_DIR)/Pods-ZapComTests-checkManifestLockResult.txt",
			);
			runOnlyForDeploymentPostprocessing = 0;
			shellPath = /bin/sh;
			shellScript = "diff \"${PODS_PODFILE_DIR_PATH}/Podfile.lock\" \"${PODS_ROOT}/Manifest.lock\" > /dev/null\nif [ $? != 0 ] ; then\n    # print error to STDERR\n    echo \"error: The sandbox is not in sync with the Podfile.lock. Run 'pod install' or update your CocoaPods installation.\" >&2\n    exit 1\nfi\n# This output is used by Xcode 'outputs' to avoid re-running this script phase.\necho \"SUCCESS\" > \"${SCRIPT_OUTPUT_FILE_0}\"\n";
			showEnvVarsInLog = 0;
		};
/* End PBXShellScriptBuildPhase section */

/* Begin PBXSourcesBuildPhase section */
		77B82B6D2322D54200EC906D /* Sources */ = {
			isa = PBXSourcesBuildPhase;
			buildActionMask = 2147483647;
			files = (
				77B82B7D2322D54200EC906D /* ZapCom.xcdatamodeld in Sources */,
				77B82B772322D54200EC906D /* ViewController.swift in Sources */,
				77B82B752322D54200EC906D /* AppDelegate.swift in Sources */,
				7706D0CA232AAF7F00A40B53 /* Products.swift in Sources */,
				7706D0C7232AAF7F00A40B53 /* DataModel.swift in Sources */,
				7706D0C4232AAF7F00A40B53 /* Content.swift in Sources */,
			);
			runOnlyForDeploymentPostprocessing = 0;
		};
		77B82B842322D54400EC906D /* Sources */ = {
			isa = PBXSourcesBuildPhase;
			buildActionMask = 2147483647;
			files = (
				77B82B8D2322D54400EC906D /* ZapComTests.swift in Sources */,
				7706D0CB232AAF7F00A40B53 /* Products.swift in Sources */,
				7706D0C5232AAF7F00A40B53 /* Content.swift in Sources */,
				7706D0C8232AAF7F00A40B53 /* DataModel.swift in Sources */,
			);
			runOnlyForDeploymentPostprocessing = 0;
		};
		77B82B8F2322D54400EC906D /* Sources */ = {
			isa = PBXSourcesBuildPhase;
			buildActionMask = 2147483647;
			files = (
				77B82B982322D54400EC906D /* ZapComUITests.swift in Sources */,
				7706D0CC232AAF7F00A40B53 /* Products.swift in Sources */,
				7706D0C6232AAF7F00A40B53 /* Content.swift in Sources */,
				7706D0C9232AAF7F00A40B53 /* DataModel.swift in Sources */,
			);
			runOnlyForDeploymentPostprocessing = 0;
		};
/* End PBXSourcesBuildPhase section */

/* Begin PBXTargetDependency section */
		77B82B8A2322D54400EC906D /* PBXTargetDependency */ = {
			isa = PBXTargetDependency;
			target = 77B82B702322D54200EC906D /* ZapCom */;
			targetProxy = 77B82B892322D54400EC906D /* PBXContainerItemProxy */;
		};
		77B82B952322D54400EC906D /* PBXTargetDependency */ = {
			isa = PBXTargetDependency;
			target = 77B82B702322D54200EC906D /* ZapCom */;
			targetProxy = 77B82B942322D54400EC906D /* PBXContainerItemProxy */;
		};
/* End PBXTargetDependency section */

/* Begin PBXVariantGroup section */
		77B82B782322D54200EC906D /* Main.storyboard */ = {
			isa = PBXVariantGroup;
			children = (
				77B82B792322D54200EC906D /* Base */,
			);
			name = Main.storyboard;
			sourceTree = "<group>";
		};
		77B82B802322D54300EC906D /* LaunchScreen.storyboard */ = {
			isa = PBXVariantGroup;
			children = (
				77B82B812322D54300EC906D /* Base */,
			);
			name = LaunchScreen.storyboard;
			sourceTree = "<group>";
		};
/* End PBXVariantGroup section */

/* Begin XCBuildConfiguration section */
		77B82B9A2322D54400EC906D /* Debug */ = {
			isa = XCBuildConfiguration;
			buildSettings = {
				ALWAYS_SEARCH_USER_PATHS = NO;
				CLANG_ANALYZER_NONNULL = YES;
				CLANG_ANALYZER_NUMBER_OBJECT_CONVERSION = YES_AGGRESSIVE;
				CLANG_CXX_LANGUAGE_STANDARD = "gnu++14";
				CLANG_CXX_LIBRARY = "libc++";
				CLANG_ENABLE_MODULES = YES;
				CLANG_ENABLE_OBJC_ARC = YES;
				CLANG_ENABLE_OBJC_WEAK = YES;
				CLANG_WARN_BLOCK_CAPTURE_AUTORELEASING = YES;
				CLANG_WARN_BOOL_CONVERSION = YES;
				CLANG_WARN_COMMA = YES;
				CLANG_WARN_CONSTANT_CONVERSION = YES;
				CLANG_WARN_DEPRECATED_OBJC_IMPLEMENTATIONS = YES;
				CLANG_WARN_DIRECT_OBJC_ISA_USAGE = YES_ERROR;
				CLANG_WARN_DOCUMENTATION_COMMENTS = YES;
				CLANG_WARN_EMPTY_BODY = YES;
				CLANG_WARN_ENUM_CONVERSION = YES;
				CLANG_WARN_INFINITE_RECURSION = YES;
				CLANG_WARN_INT_CONVERSION = YES;
				CLANG_WARN_NON_LITERAL_NULL_CONVERSION = YES;
				CLANG_WARN_OBJC_IMPLICIT_RETAIN_SELF = YES;
				CLANG_WARN_OBJC_LITERAL_CONVERSION = YES;
				CLANG_WARN_OBJC_ROOT_CLASS = YES_ERROR;
				CLANG_WARN_RANGE_LOOP_ANALYSIS = YES;
				CLANG_WARN_STRICT_PROTOTYPES = YES;
				CLANG_WARN_SUSPICIOUS_MOVE = YES;
				CLANG_WARN_UNGUARDED_AVAILABILITY = YES_AGGRESSIVE;
				CLANG_WARN_UNREACHABLE_CODE = YES;
				CLANG_WARN__DUPLICATE_METHOD_MATCH = YES;
				CODE_SIGN_IDENTITY = "iPhone Developer";
				COPY_PHASE_STRIP = NO;
				DEBUG_INFORMATION_FORMAT = dwarf;
				ENABLE_STRICT_OBJC_MSGSEND = YES;
				ENABLE_TESTABILITY = YES;
				GCC_C_LANGUAGE_STANDARD = gnu11;
				GCC_DYNAMIC_NO_PIC = NO;
				GCC_NO_COMMON_BLOCKS = YES;
				GCC_OPTIMIZATION_LEVEL = 0;
				GCC_PREPROCESSOR_DEFINITIONS = (
					"DEBUG=1",
					"$(inherited)",
				);
				GCC_WARN_64_TO_32_BIT_CONVERSION = YES;
				GCC_WARN_ABOUT_RETURN_TYPE = YES_ERROR;
				GCC_WARN_UNDECLARED_SELECTOR = YES;
				GCC_WARN_UNINITIALIZED_AUTOS = YES_AGGRESSIVE;
				GCC_WARN_UNUSED_FUNCTION = YES;
				GCC_WARN_UNUSED_VARIABLE = YES;
				IPHONEOS_DEPLOYMENT_TARGET = 12.4;
				MTL_ENABLE_DEBUG_INFO = INCLUDE_SOURCE;
				MTL_FAST_MATH = YES;
				ONLY_ACTIVE_ARCH = YES;
				SDKROOT = iphoneos;
				SWIFT_ACTIVE_COMPILATION_CONDITIONS = DEBUG;
				SWIFT_OPTIMIZATION_LEVEL = "-Onone";
			};
			name = Debug;
		};
		77B82B9B2322D54400EC906D /* Release */ = {
			isa = XCBuildConfiguration;
			buildSettings = {
				ALWAYS_SEARCH_USER_PATHS = NO;
				CLANG_ANALYZER_NONNULL = YES;
				CLANG_ANALYZER_NUMBER_OBJECT_CONVERSION = YES_AGGRESSIVE;
				CLANG_CXX_LANGUAGE_STANDARD = "gnu++14";
				CLANG_CXX_LIBRARY = "libc++";
				CLANG_ENABLE_MODULES = YES;
				CLANG_ENABLE_OBJC_ARC = YES;
				CLANG_ENABLE_OBJC_WEAK = YES;
				CLANG_WARN_BLOCK_CAPTURE_AUTORELEASING = YES;
				CLANG_WARN_BOOL_CONVERSION = YES;
				CLANG_WARN_COMMA = YES;
				CLANG_WARN_CONSTANT_CONVERSION = YES;
				CLANG_WARN_DEPRECATED_OBJC_IMPLEMENTATIONS = YES;
				CLANG_WARN_DIRECT_OBJC_ISA_USAGE = YES_ERROR;
				CLANG_WARN_DOCUMENTATION_COMMENTS = YES;
				CLANG_WARN_EMPTY_BODY = YES;
				CLANG_WARN_ENUM_CONVERSION = YES;
				CLANG_WARN_INFINITE_RECURSION = YES;
				CLANG_WARN_INT_CONVERSION = YES;
				CLANG_WARN_NON_LITERAL_NULL_CONVERSION = YES;
				CLANG_WARN_OBJC_IMPLICIT_RETAIN_SELF = YES;
				CLANG_WARN_OBJC_LITERAL_CONVERSION = YES;
				CLANG_WARN_OBJC_ROOT_CLASS = YES_ERROR;
				CLANG_WARN_RANGE_LOOP_ANALYSIS = YES;
				CLANG_WARN_STRICT_PROTOTYPES = YES;
				CLANG_WARN_SUSPICIOUS_MOVE = YES;
				CLANG_WARN_UNGUARDED_AVAILABILITY = YES_AGGRESSIVE;
				CLANG_WARN_UNREACHABLE_CODE = YES;
				CLANG_WARN__DUPLICATE_METHOD_MATCH = YES;
				CODE_SIGN_IDENTITY = "iPhone Developer";
				COPY_PHASE_STRIP = NO;
				DEBUG_INFORMATION_FORMAT = "dwarf-with-dsym";
				ENABLE_NS_ASSERTIONS = NO;
				ENABLE_STRICT_OBJC_MSGSEND = YES;
				GCC_C_LANGUAGE_STANDARD = gnu11;
				GCC_NO_COMMON_BLOCKS = YES;
				GCC_WARN_64_TO_32_BIT_CONVERSION = YES;
				GCC_WARN_ABOUT_RETURN_TYPE = YES_ERROR;
				GCC_WARN_UNDECLARED_SELECTOR = YES;
				GCC_WARN_UNINITIALIZED_AUTOS = YES_AGGRESSIVE;
				GCC_WARN_UNUSED_FUNCTION = YES;
				GCC_WARN_UNUSED_VARIABLE = YES;
				IPHONEOS_DEPLOYMENT_TARGET = 12.4;
				MTL_ENABLE_DEBUG_INFO = NO;
				MTL_FAST_MATH = YES;
				SDKROOT = iphoneos;
				SWIFT_COMPILATION_MODE = wholemodule;
				SWIFT_OPTIMIZATION_LEVEL = "-O";
				VALIDATE_PRODUCT = YES;
			};
			name = Release;
		};
		77B82B9D2322D54400EC906D /* Debug */ = {
			isa = XCBuildConfiguration;
			baseConfigurationReference = 27F1A0411506FD48AD816A3A /* Pods-ZapCom.debug.xcconfig */;
			buildSettings = {
				ASSETCATALOG_COMPILER_APPICON_NAME = AppIcon;
				CODE_SIGN_STYLE = Automatic;
				INFOPLIST_FILE = ZapCom/Info.plist;
				LD_RUNPATH_SEARCH_PATHS = (
					"$(inherited)",
					"@executable_path/Frameworks",
				);
				PRODUCT_BUNDLE_IDENTIFIER = com.ZapCom;
				PRODUCT_NAME = "$(TARGET_NAME)";
				SWIFT_VERSION = 5.0;
				TARGETED_DEVICE_FAMILY = "1,2";
			};
			name = Debug;
		};
		77B82B9E2322D54400EC906D /* Release */ = {
			isa = XCBuildConfiguration;
			baseConfigurationReference = C150509BEB5A937850D07BF4 /* Pods-ZapCom.release.xcconfig */;
			buildSettings = {
				ASSETCATALOG_COMPILER_APPICON_NAME = AppIcon;
				CODE_SIGN_STYLE = Automatic;
				INFOPLIST_FILE = ZapCom/Info.plist;
				LD_RUNPATH_SEARCH_PATHS = (
					"$(inherited)",
					"@executable_path/Frameworks",
				);
				PRODUCT_BUNDLE_IDENTIFIER = com.ZapCom;
				PRODUCT_NAME = "$(TARGET_NAME)";
				SWIFT_VERSION = 5.0;
				TARGETED_DEVICE_FAMILY = "1,2";
			};
			name = Release;
		};
		77B82BA02322D54400EC906D /* Debug */ = {
			isa = XCBuildConfiguration;
			baseConfigurationReference = 92BEAE6C54D50BD7F72E2DCF /* Pods-ZapComTests.debug.xcconfig */;
			buildSettings = {
				ALWAYS_EMBED_SWIFT_STANDARD_LIBRARIES = YES;
				BUNDLE_LOADER = "$(TEST_HOST)";
				CODE_SIGN_STYLE = Automatic;
				INFOPLIST_FILE = ZapComTests/Info.plist;
				LD_RUNPATH_SEARCH_PATHS = (
					"$(inherited)",
					"@executable_path/Frameworks",
					"@loader_path/Frameworks",
				);
				PRODUCT_BUNDLE_IDENTIFIER = com.ZapComTests;
				PRODUCT_NAME = "$(TARGET_NAME)";
				SWIFT_VERSION = 5.0;
				TARGETED_DEVICE_FAMILY = "1,2";
				TEST_HOST = "$(BUILT_PRODUCTS_DIR)/ZapCom.app/ZapCom";
			};
			name = Debug;
		};
		77B82BA12322D54400EC906D /* Release */ = {
			isa = XCBuildConfiguration;
			baseConfigurationReference = F6AC49AF258B6E99B76B0346 /* Pods-ZapComTests.release.xcconfig */;
			buildSettings = {
				ALWAYS_EMBED_SWIFT_STANDARD_LIBRARIES = YES;
				BUNDLE_LOADER = "$(TEST_HOST)";
				CODE_SIGN_STYLE = Automatic;
				INFOPLIST_FILE = ZapComTests/Info.plist;
				LD_RUNPATH_SEARCH_PATHS = (
					"$(inherited)",
					"@executable_path/Frameworks",
					"@loader_path/Frameworks",
				);
				PRODUCT_BUNDLE_IDENTIFIER = com.ZapComTests;
				PRODUCT_NAME = "$(TARGET_NAME)";
				SWIFT_VERSION = 5.0;
				TARGETED_DEVICE_FAMILY = "1,2";
				TEST_HOST = "$(BUILT_PRODUCTS_DIR)/ZapCom.app/ZapCom";
			};
			name = Release;
		};
		77B82BA32322D54400EC906D /* Debug */ = {
			isa = XCBuildConfiguration;
			baseConfigurationReference = 5C1653C484EDA9747FA86F41 /* Pods-ZapComUITests.debug.xcconfig */;
			buildSettings = {
				ALWAYS_EMBED_SWIFT_STANDARD_LIBRARIES = YES;
				CODE_SIGN_STYLE = Automatic;
				INFOPLIST_FILE = ZapComUITests/Info.plist;
				LD_RUNPATH_SEARCH_PATHS = (
					"$(inherited)",
					"@executable_path/Frameworks",
					"@loader_path/Frameworks",
				);
				PRODUCT_BUNDLE_IDENTIFIER = com.ZapComUITests;
				PRODUCT_NAME = "$(TARGET_NAME)";
				SWIFT_VERSION = 5.0;
				TARGETED_DEVICE_FAMILY = "1,2";
				TEST_TARGET_NAME = ZapCom;
			};
			name = Debug;
		};
		77B82BA42322D54400EC906D /* Release */ = {
			isa = XCBuildConfiguration;
			baseConfigurationReference = A4576AA67E295AB0313FF4EC /* Pods-ZapComUITests.release.xcconfig */;
			buildSettings = {
				ALWAYS_EMBED_SWIFT_STANDARD_LIBRARIES = YES;
				CODE_SIGN_STYLE = Automatic;
				INFOPLIST_FILE = ZapComUITests/Info.plist;
				LD_RUNPATH_SEARCH_PATHS = (
					"$(inherited)",
					"@executable_path/Frameworks",
					"@loader_path/Frameworks",
				);
				PRODUCT_BUNDLE_IDENTIFIER = com.ZapComUITests;
				PRODUCT_NAME = "$(TARGET_NAME)";
				SWIFT_VERSION = 5.0;
				TARGETED_DEVICE_FAMILY = "1,2";
				TEST_TARGET_NAME = ZapCom;
			};
			name = Release;
		};
/* End XCBuildConfiguration section */

/* Begin XCConfigurationList section */
		77B82B6C2322D54200EC906D /* Build configuration list for PBXProject "ZapCom" */ = {
			isa = XCConfigurationList;
			buildConfigurations = (
				77B82B9A2322D54400EC906D /* Debug */,
				77B82B9B2322D54400EC906D /* Release */,
			);
			defaultConfigurationIsVisible = 0;
			defaultConfigurationName = Release;
		};
		77B82B9C2322D54400EC906D /* Build configuration list for PBXNativeTarget "ZapCom" */ = {
			isa = XCConfigurationList;
			buildConfigurations = (
				77B82B9D2322D54400EC906D /* Debug */,
				77B82B9E2322D54400EC906D /* Release */,
			);
			defaultConfigurationIsVisible = 0;
			defaultConfigurationName = Release;
		};
		77B82B9F2322D54400EC906D /* Build configuration list for PBXNativeTarget "ZapComTests" */ = {
			isa = XCConfigurationList;
			buildConfigurations = (
				77B82BA02322D54400EC906D /* Debug */,
				77B82BA12322D54400EC906D /* Release */,
			);
			defaultConfigurationIsVisible = 0;
			defaultConfigurationName = Release;
		};
		77B82BA22322D54400EC906D /* Build configuration list for PBXNativeTarget "ZapComUITests" */ = {
			isa = XCConfigurationList;
			buildConfigurations = (
				77B82BA32322D54400EC906D /* Debug */,
				77B82BA42322D54400EC906D /* Release */,
			);
			defaultConfigurationIsVisible = 0;
			defaultConfigurationName = Release;
		};
/* End XCConfigurationList section */

/* Begin XCVersionGroup section */
		77B82B7B2322D54200EC906D /* ZapCom.xcdatamodeld */ = {
			isa = XCVersionGroup;
			children = (
				77B82B7C2322D54200EC906D /* ZapCom.xcdatamodel */,
			);
			currentVersion = 77B82B7C2322D54200EC906D /* ZapCom.xcdatamodel */;
			path = ZapCom.xcdatamodeld;
			sourceTree = "<group>";
			versionGroupType = wrapper.xcdatamodel;
		};
/* End XCVersionGroup section */
	};
	rootObject = 77B82B692322D54200EC906D /* Project object */;
}
